
Microsoft Visual Studio Solution File, Format Version 12.00
# Visual Studio 2017
Project("{FAE04EC0-301F-11D3-BF4B-00C04F79EFBC}") = "IslandDemo", "IslandDemo.csproj", "{1B7519DF-1244-A5F3-D277-26D32E533E1A}"
EndProject
Project("{FAE04EC0-301F-11D3-BF4B-00C04F79EFBC}") = "IslandDemo.Plugins", "IslandDemo.Plugins.csproj", "{AD12D8DB-8D09-05AF-21EF-4A76A8F4E1BA}"
EndProject
Project("{FAE04EC0-301F-11D3-BF4B-00C04F79EFBC}") = "IslandDemo.Editor", "IslandDemo.Editor.csproj", "{0A63B771-BBA7-18DC-16CB-8493CED53EE9}"
EndProject
Global
	GlobalSection(SolutionConfigurationPlatforms) = preSolution
		Debug|Any CPU = Debug|Any CPU
		Release|Any CPU = Release|Any CPU
	EndGlobalSection
	GlobalSection(ProjectConfigurationPlatforms) = postSolution
		{1B7519DF-1244-A5F3-D277-26D32E533E1A}.Debug|Any CPU.ActiveCfg = Debug|Any CPU
		{1B7519DF-1244-A5F3-D277-26D32E533E1A}.Debug|Any CPU.Build.0 = Debug|Any CPU
		{1B7519DF-1244-A5F3-D277-26D32E533E1A}.Release|Any CPU.ActiveCfg = Release|Any CPU
		{1B7519DF-1244-A5F3-D277-26D32E533E1A}.Release|Any CPU.Build.0 = Release|Any CPU
		{AD12D8DB-8D09-05AF-21EF-4A76A8F4E1BA}.Debug|Any CPU.ActiveCfg = Debug|Any CPU
		{AD12D8DB-8D09-05AF-21EF-4A76A8F4E1BA}.Debug|Any CPU.Build.0 = Debug|Any CPU
		{AD12D8DB-8D09-05AF-21EF-4A76A8F4E1BA}.Release|Any CPU.ActiveCfg = Release|Any CPU
		{AD12D8DB-8D09-05AF-21EF-4A76A8F4E1BA}.Release|Any CPU.Build.0 = Release|Any CPU
		{0A63B771-BBA7-18DC-16CB-8493CED53EE9}.Debug|Any CPU.ActiveCfg = Debug|Any CPU
		{0A63B771-BBA7-18DC-16CB-8493CED53EE9}.Debug|Any CPU.Build.0 = Debug|Any CPU
		{0A63B771-BBA7-18DC-16CB-8493CED53EE9}.Release|Any CPU.ActiveCfg = Release|Any CPU
		{0A63B771-BBA7-18DC-16CB-8493CED53EE9}.Release|Any CPU.Build.0 = Release|Any CPU
	EndGlobalSection
	GlobalSection(SolutionProperties) = preSolution
		HideSolutionNode = FALSE
	EndGlobalSection
EndGlobal
