
Microsoft Visual Studio Solution File, Format Version 12.00
# Visual Studio 2017
Project("{FAE04EC0-301F-11D3-BF4B-00C04F79EFBC}") = "test3", "test3.csproj", "{34E88698-256A-5A2E-69F1-CF6B5704A007}"
EndProject
Project("{FAE04EC0-301F-11D3-BF4B-00C04F79EFBC}") = "test3.Plugins", "test3.Plugins.csproj", "{A23A29F1-807C-3082-0DD8-6E9A97B85549}"
EndProject
Project("{FAE04EC0-301F-11D3-BF4B-00C04F79EFBC}") = "test3.Editor.Plugins", "test3.Editor.Plugins.csproj", "{E071FFB2-3811-F712-96DD-C797E898B00D}"
EndProject
Global
	GlobalSection(SolutionConfigurationPlatforms) = preSolution
		Debug|Any CPU = Debug|Any CPU
		Release|Any CPU = Release|Any CPU
	EndGlobalSection
	GlobalSection(ProjectConfigurationPlatforms) = postSolution
		{34E88698-256A-5A2E-69F1-CF6B5704A007}.Debug|Any CPU.ActiveCfg = Debug|Any CPU
		{34E88698-256A-5A2E-69F1-CF6B5704A007}.Debug|Any CPU.Build.0 = Debug|Any CPU
		{34E88698-256A-5A2E-69F1-CF6B5704A007}.Release|Any CPU.ActiveCfg = Release|Any CPU
		{34E88698-256A-5A2E-69F1-CF6B5704A007}.Release|Any CPU.Build.0 = Release|Any CPU
		{A23A29F1-807C-3082-0DD8-6E9A97B85549}.Debug|Any CPU.ActiveCfg = Debug|Any CPU
		{A23A29F1-807C-3082-0DD8-6E9A97B85549}.Debug|Any CPU.Build.0 = Debug|Any CPU
		{A23A29F1-807C-3082-0DD8-6E9A97B85549}.Release|Any CPU.ActiveCfg = Release|Any CPU
		{A23A29F1-807C-3082-0DD8-6E9A97B85549}.Release|Any CPU.Build.0 = Release|Any CPU
		{E071FFB2-3811-F712-96DD-C797E898B00D}.Debug|Any CPU.ActiveCfg = Debug|Any CPU
		{E071FFB2-3811-F712-96DD-C797E898B00D}.Debug|Any CPU.Build.0 = Debug|Any CPU
		{E071FFB2-3811-F712-96DD-C797E898B00D}.Release|Any CPU.ActiveCfg = Release|Any CPU
		{E071FFB2-3811-F712-96DD-C797E898B00D}.Release|Any CPU.Build.0 = Release|Any CPU
	EndGlobalSection
	GlobalSection(SolutionProperties) = preSolution
		HideSolutionNode = FALSE
	EndGlobalSection
EndGlobal
